
Microsoft Visual Studio Solution File, Format Version 12.00
# Visual Studio Version 16
VisualStudioVersion = 16.0.30413.136
MinimumVisualStudioVersion = 10.0.40219.1
Project("{FAE04EC0-301F-11D3-BF4B-00C04F79EFBC}") = "Awesomecorp.Integration", "Awesomecorp.Integration\Awesomecorp.Integration.csproj", "{D8F9BA92-41F5-44C3-BBB1-A58B9462A294}"
EndProject
Project("{FAE04EC0-301F-11D3-BF4B-00C04F79EFBC}") = "Awesomecorp.Integration.Tests", "Awesomecorp.Integration.Tests\Awesomecorp.Integration.Tests.csproj", "{A24D9965-95F9-41F4-AB10-31A9AF1952C1}"
EndProject
Global
	GlobalSection(SolutionConfigurationPlatforms) = preSolution
		Debug|Any CPU = Debug|Any CPU
		Release|Any CPU = Release|Any CPU
	EndGlobalSection
	GlobalSection(ProjectConfigurationPlatforms) = postSolution
		{D8F9BA92-41F5-44C3-BBB1-A58B9462A294}.Debug|Any CPU.ActiveCfg = Debug|Any CPU
		{D8F9BA92-41F5-44C3-BBB1-A58B9462A294}.Debug|Any CPU.Build.0 = Debug|Any CPU
		{D8F9BA92-41F5-44C3-BBB1-A58B9462A294}.Release|Any CPU.ActiveCfg = Release|Any CPU
		{D8F9BA92-41F5-44C3-BBB1-A58B9462A294}.Release|Any CPU.Build.0 = Release|Any CPU
		{A24D9965-95F9-41F4-AB10-31A9AF1952C1}.Debug|Any CPU.ActiveCfg = Debug|Any CPU
		{A24D9965-95F9-41F4-AB10-31A9AF1952C1}.Debug|Any CPU.Build.0 = Debug|Any CPU
		{A24D9965-95F9-41F4-AB10-31A9AF1952C1}.Release|Any CPU.ActiveCfg = Release|Any CPU
		{A24D9965-95F9-41F4-AB10-31A9AF1952C1}.Release|Any CPU.Build.0 = Release|Any CPU
	EndGlobalSection
	GlobalSection(SolutionProperties) = preSolution
		HideSolutionNode = FALSE
	EndGlobalSection
	GlobalSection(ExtensibilityGlobals) = postSolution
		SolutionGuid = {1F7D4940-9395-423A-B9FF-D00D01684B7B}
	EndGlobalSection
EndGlobal
